Microsoft Visual Studio Solution File, Format Version 12.00
# Visual Studio Version 17
VisualStudioVersion = 17.8.34322.80
MinimumVisualStudioVersion = 10.0.40219.1
Project("{FAE04EC0-301F-11D3-BF4B-00C04F79EFBC}") = "MeepleAI.Api", "src/Api/Api.csproj", "{28449411-3901-4969-B5B4-C4E20A837CB7}"
EndProject
Project("{FAE04EC0-301F-11D3-BF4B-00C04F79EFBC}") = "MeepleAI.Api.Tests", "tests/Api.Tests/Api.Tests.csproj", "{A36CE4F0-92C2-4566-9465-130CA35D2B5A}"
EndProject
Global
GlobalSection(SolutionConfigurationPlatforms) = preSolution
Debug|Any CPU = Debug|Any CPU
Release|Any CPU = Release|Any CPU
EndGlobalSection
GlobalSection(ProjectConfigurationPlatforms) = postSolution
{28449411-3901-4969-B5B4-C4E20A837CB7}.Debug|Any CPU.ActiveCfg = Debug|Any CPU
{28449411-3901-4969-B5B4-C4E20A837CB7}.Debug|Any CPU.Build.0 = Debug|Any CPU
{28449411-3901-4969-B5B4-C4E20A837CB7}.Release|Any CPU.ActiveCfg = Release|Any CPU
{28449411-3901-4969-B5B4-C4E20A837CB7}.Release|Any CPU.Build.0 = Release|Any CPU
{A36CE4F0-92C2-4566-9465-130CA35D2B5A}.Debug|Any CPU.ActiveCfg = Debug|Any CPU
{A36CE4F0-92C2-4566-9465-130CA35D2B5A}.Debug|Any CPU.Build.0 = Debug|Any CPU
{A36CE4F0-92C2-4566-9465-130CA35D2B5A}.Release|Any CPU.ActiveCfg = Release|Any CPU
{A36CE4F0-92C2-4566-9465-130CA35D2B5A}.Release|Any CPU.Build.0 = Release|Any CPU
EndGlobalSection
GlobalSection(SolutionProperties) = preSolution
HideSolutionNode = FALSE
EndGlobalSection
EndGlobal
